
Microsoft Visual Studio Solution File, Format Version 12.00
# Visual Studio 15
VisualStudioVersion = 15.0.27703.2035
MinimumVisualStudioVersion = 10.0.40219.1
Project("{9A19103F-16F7-4668-BE54-9A1E7A4F7556}") = "Fura.Tests", "src\Fura.Tests\Fura.Tests.csproj", "{92021483-3740-4834-9223-8CB05FF2AA78}"
EndProject
Global
	GlobalSection(SolutionConfigurationPlatforms) = preSolution
		Debug|Any CPU = Debug|Any CPU
		Release|Any CPU = Release|Any CPU
	EndGlobalSection
	GlobalSection(ProjectConfigurationPlatforms) = postSolution
		{92021483-3740-4834-9223-8CB05FF2AA78}.Debug|Any CPU.ActiveCfg = Debug|Any CPU
		{92021483-3740-4834-9223-8CB05FF2AA78}.Debug|Any CPU.Build.0 = Debug|Any CPU
		{92021483-3740-4834-9223-8CB05FF2AA78}.Release|Any CPU.ActiveCfg = Release|Any CPU
		{92021483-3740-4834-9223-8CB05FF2AA78}.Release|Any CPU.Build.0 = Release|Any CPU
	EndGlobalSection
	GlobalSection(SolutionProperties) = preSolution
		HideSolutionNode = FALSE
	EndGlobalSection
	GlobalSection(ExtensibilityGlobals) = postSolution
		SolutionGuid = {0653B743-FADB-464B-86C8-0B7C5687916A}
	EndGlobalSection
EndGlobal
